
Microsoft Visual Studio Solution File, Format Version 12.00
# Visual Studio 15
VisualStudioVersion = 15.0.28307.705
MinimumVisualStudioVersion = 10.0.40219.1
Project("{888888A0-9F3D-457C-B088-3A5042F75D52}") = "Bend File Finder", "Bend File Finder\Bend File Finder.pyproj", "{79980214-88C0-4EAD-BA86-36004041A25B}"
EndProject
Global
	GlobalSection(SolutionConfigurationPlatforms) = preSolution
		Debug|Any CPU = Debug|Any CPU
		Release|Any CPU = Release|Any CPU
	EndGlobalSection
	GlobalSection(ProjectConfigurationPlatforms) = postSolution
		{79980214-88C0-4EAD-BA86-36004041A25B}.Debug|Any CPU.ActiveCfg = Debug|Any CPU
		{79980214-88C0-4EAD-BA86-36004041A25B}.Release|Any CPU.ActiveCfg = Release|Any CPU
	EndGlobalSection
	GlobalSection(SolutionProperties) = preSolution
		HideSolutionNode = FALSE
	EndGlobalSection
	GlobalSection(ExtensibilityGlobals) = postSolution
		SolutionGuid = {B7A3E36B-C910-4AEC-A7C0-F0CC66EA561E}
	EndGlobalSection
EndGlobal
